github.com/goccy/go-yaml v1.13.9 h1:D/LhDa7E5HS/iYxSZzikUSHt1U9q/TeymVBJwodaglc=
github.com/goccy/go-yaml v1.13.9/go.mod h1:XBurs7gK8ATbW4ZPGKgcbrY1Br56PdM69F7LkFRi1kA=
github.com/orisano/subflag v1.0.0 h1:I7LokATrdfomf0Kb9ry4LuR9ctGtA/CE5hm5+FqfmL4=
github.com/orisano/subflag v1.0.0/go.mod h1:FUd80amX680uKAse7zMROuXnA6yO0ebeDw+JIvctk+Y=
github.com/xo/dburl v0.23.2 h1:Fl88cvayrgE56JA/sqhNMLljCW/b7RmG1mMkKMZUFgA=
github.com/xo/dburl v0.23.2/go.mod h1:uazlaAQxj4gkshhfuuYyvwCBouOmNnG2aDxTCFZpmL4=
