github.com/goccy/go-yaml v1.17.1 h1:LI34wktB2xEE3ONG/2Ar54+/HJVBriAGJ55PHls4YuY=
github.com/goccy/go-yaml v1.17.1/go.mod h1:XBurs7gK8ATbW4ZPGKgcbrY1Br56PdM69F7LkFRi1kA=
github.com/orisano/subflag v1.0.0 h1:I7LokATrdfomf0Kb9ry4LuR9ctGtA/CE5hm5+FqfmL4=
github.com/orisano/subflag v1.0.0/go.mod h1:FUd80amX680uKAse7zMROuXnA6yO0ebeDw+JIvctk+Y=
github.com/xo/dburl v0.23.4 h1:VLI0JT+w95uDiGhCYqbuLTM3gkfg5ODiSoegiEZpcVg=
github.com/xo/dburl v0.23.4/go.mod h1:uazlaAQxj4gkshhfuuYyvwCBouOmNnG2aDxTCFZpmL4=
